{
  "name": "itunes-discord",
  "version": "0.6.1",
  "lockfileVersion": 1,
  "requires": true,
  "dependencies": {
    "@johnpaulvaughan/itunes-music-library-path": {
      "version": "2.0.2",
      "resolved": "https://registry.npmjs.org/@johnpaulvaughan/itunes-music-library-path/-/itunes-music-library-path-2.0.2.tgz",
      "integrity": "sha1-AhqqMIBNSsj0axMZJpphafyKlPk=",
      "requires": {
        "@johnpaulvaughan/promise-it-exists": "1.0.5",
        "bluebird": "3.5.1"
      }
    },
    "@johnpaulvaughan/promise-it-exists": {
      "version": "1.0.5",
      "resolved": "https://registry.npmjs.org/@johnpaulvaughan/promise-it-exists/-/promise-it-exists-1.0.5.tgz",
      "integrity": "sha1-gqvy+qAbxaCSpMPeLViBHE6XWxs="
    },
    "argparse": {
      "version": "1.0.10",
      "resolved": "https://registry.npmjs.org/argparse/-/argparse-1.0.10.tgz",
      "integrity": "sha512-o5Roy6tNG4SL/FOkCAN6RzjiakZS25RLYFrcMttJqbdd8BWrnA+fGz57iN5Pb06pvBGvl5gQ0B48dJlslXvoTg==",
      "requires": {
        "sprintf-js": "1.0.3"
      }
    },
    "async-limiter": {
      "version": "1.0.0",
      "resolved": "https://registry.npmjs.org/async-limiter/-/async-limiter-1.0.0.tgz",
      "integrity": "sha512-jp/uFnooOiO+L211eZOoSyzpOITMXx1rBITauYykG3BRYPu8h0UcxsPNB04RR5vo4Tyz3+ay17tR6JVf9qzYWg=="
    },
    "base64-js": {
      "version": "1.2.0",
      "resolved": "https://registry.npmjs.org/base64-js/-/base64-js-1.2.0.tgz",
      "integrity": "sha1-o5mS1yNYSBGYK+XikLtqU9hnAPE="
    },
    "bluebird": {
      "version": "3.5.1",
      "resolved": "https://registry.npmjs.org/bluebird/-/bluebird-3.5.1.tgz",
      "integrity": "sha512-MKiLiV+I1AA596t9w1sQJ8jkiSr5+ZKi0WKrYGUn6d1Fx+Ij4tIj+m2WMQSGczs5jZVxV339chE8iwk6F64wjA=="
    },
    "bluebird-lst": {
      "version": "1.0.5",
      "resolved": "https://registry.npmjs.org/bluebird-lst/-/bluebird-lst-1.0.5.tgz",
      "integrity": "sha512-Ey0bDNys5qpYPhZ/oQ9vOEvD0TYQDTILMXWP2iGfvMg7rSDde+oV4aQQgqRH+CvBFNz2BSDQnPGMUl6LKBUUQA==",
      "requires": {
        "bluebird": "3.5.1"
      }
    },
    "buffer-from": {
      "version": "1.1.1",
      "resolved": "https://registry.npmjs.org/buffer-from/-/buffer-from-1.1.1.tgz",
      "integrity": "sha512-MQcXEUbCKtEo7bhqEs6560Hyd4XaovZlO/k9V3hjVUF/zwW7KBVdSK4gIt/bzwS9MbR5qob+F5jusZsb0YQK2A=="
    },
    "builder-util-runtime": {
      "version": "4.4.1",
      "resolved": "https://registry.npmjs.org/builder-util-runtime/-/builder-util-runtime-4.4.1.tgz",
      "integrity": "sha512-8L2pbL6D3VdI1f8OMknlZJpw0c7KK15BRz3cY77AOUElc4XlCv2UhVV01jJM7+6Lx7henaQh80ALULp64eFYAQ==",
      "requires": {
        "bluebird-lst": "1.0.5",
        "debug": "3.1.0",
        "fs-extra-p": "4.6.1",
        "sax": "1.2.4"
      },
      "dependencies": {
        "debug": {
          "version": "3.1.0",
          "resolved": "https://registry.npmjs.org/debug/-/debug-3.1.0.tgz",
          "integrity": "sha512-OX8XqP7/1a9cqkxYw2yXss15f26NKWBpDXQd0/uK/KPqdQhxbPa994hnzjcE2VqQpDslf55723cKPUOGSmMY3g==",
          "requires": {
            "ms": "2.0.0"
          }
        }
      }
    },
    "callsite": {
      "version": "1.0.0",
      "resolved": "https://registry.npmjs.org/callsite/-/callsite-1.0.0.tgz",
      "integrity": "sha1-KAOY5dZkvXQDi28JBRU+borxvCA="
    },
    "conf": {
      "version": "2.0.0",
      "resolved": "https://registry.npmjs.org/conf/-/conf-2.0.0.tgz",
      "integrity": "sha512-iCLzBsGFi8S73EANsEJZz0JnJ/e5VZef/kSaxydYZLAvw0rFNAUx5R7K5leC/CXXR2mZfXWhUvcZOO/dM2D5xg==",
      "requires": {
        "dot-prop": "4.2.0",
        "env-paths": "1.0.0",
        "make-dir": "1.2.0",
        "pkg-up": "2.0.0",
        "write-file-atomic": "2.3.0"
      }
    },
    "discord-rich-presence": {
      "version": "0.0.7",
      "resolved": "https://registry.npmjs.org/discord-rich-presence/-/discord-rich-presence-0.0.7.tgz",
      "integrity": "sha512-svuNsMuKuS3NnQA9n/Bq0f09LMErXh6PepIbCNRn9F7w5xeA0VlbL96k1yIOScuuGoxSYpelayxlJBZLxpIxAw==",
      "requires": {
        "discord-rpc": "github:discordjs/rpc#0ac1704ce9080dfc5267360a8df190267ae51b82"
      }
    },
    "discord-rpc": {
      "version": "github:discordjs/rpc#0ac1704ce9080dfc5267360a8df190267ae51b82",
      "requires": {
        "node-fetch": "2.2.0",
        "ws": "5.2.2"
      }
    },
    "dot-prop": {
      "version": "4.2.0",
      "resolved": "https://registry.npmjs.org/dot-prop/-/dot-prop-4.2.0.tgz",
      "integrity": "sha512-tUMXrxlExSW6U2EXiiKGSBVdYgtV8qlHL+C10TsW4PURY/ic+eaysnSkwB4kA/mBlCyy/IKDJ+Lc3wbWeaXtuQ==",
      "requires": {
        "is-obj": "1.0.1"
      }
    },
    "ejs-electron": {
      "version": "2.0.3",
      "resolved": "https://registry.npmjs.org/ejs-electron/-/ejs-electron-2.0.3.tgz",
      "integrity": "sha512-KkXCAh5QW2FZQ/Buj0dDmwaKyZU3KiCJ+4Jf85oZDEiLO+vTevOYYH5Efvg5JPV4GbQkmarJlW+ezk0+nVx0Ug==",
      "requires": {
        "ejs": "2.6.1",
        "mime": "2.3.1"
      },
      "dependencies": {
        "ejs": {
          "version": "2.6.1",
          "resolved": "https://registry.npmjs.org/ejs/-/ejs-2.6.1.tgz",
          "integrity": "sha512-0xy4A/twfrRCnkhfk8ErDi5DqdAsAqeGxht4xkCUrsvhhbQNs7E+4jV0CN7+NKIY0aHE72+XvqtBIXzD31ZbXQ=="
        },
        "mime": {
          "version": "2.3.1",
          "resolved": "https://registry.npmjs.org/mime/-/mime-2.3.1.tgz",
          "integrity": "sha512-OEUllcVoydBHGN1z84yfQDimn58pZNNNXgZlHXSboxMlFvgI6MXSWpWKpFRra7H1HxpVhHTkrghfRW49k6yjeg=="
        }
      }
    },
    "electron-is-dev": {
      "version": "0.3.0",
      "resolved": "https://registry.npmjs.org/electron-is-dev/-/electron-is-dev-0.3.0.tgz",
      "integrity": "sha1-FOb9pcaOnk7L7/nM8DfL18BcWv4="
    },
    "electron-store": {
      "version": "2.0.0",
      "resolved": "https://registry.npmjs.org/electron-store/-/electron-store-2.0.0.tgz",
      "integrity": "sha512-1WCFYHsYvZBqDsoaS0Relnz0rd81ZkBAI0Fgx7Nq2UWU77rSNs1qxm4S6uH7TCZ0bV3LQpJFk7id/is/ZgoOPA==",
      "requires": {
        "conf": "2.0.0"
      }
    },
    "electron-updater": {
      "version": "3.1.1",
      "resolved": "https://registry.npmjs.org/electron-updater/-/electron-updater-3.1.1.tgz",
      "integrity": "sha512-Llk5O+dlGbWZF6OCj52lfciQ0osHjRAmAuEBSz2svS2jOQb1+xZ2aB5daTYzYaoH6hPcqKbebDxBFTnniqz6dw==",
      "requires": {
        "bluebird-lst": "1.0.5",
        "builder-util-runtime": "4.4.1",
        "electron-is-dev": "0.3.0",
        "fs-extra-p": "4.6.1",
        "js-yaml": "3.12.0",
        "lazy-val": "1.0.3",
        "lodash.isequal": "4.5.0",
        "semver": "5.5.0",
        "source-map-support": "0.5.6"
      }
    },
    "electron-util": {
      "version": "0.8.2",
      "resolved": "https://registry.npmjs.org/electron-util/-/electron-util-0.8.2.tgz",
      "integrity": "sha512-35gFE5oxi39ZBchWWvMNiKyUaNp3OmH3S1UruM+P0ZLpnOgJUMdBxl514f6f9QsShn7Lj3u9t31tavN/PzmhPw==",
      "requires": {
        "electron-is-dev": "0.3.0"
      }
    },
    "env-paths": {
      "version": "1.0.0",
      "resolved": "https://registry.npmjs.org/env-paths/-/env-paths-1.0.0.tgz",
      "integrity": "sha1-QWgTO0K7BcOKNbGuQ5fIKYqzaeA="
    },
    "esprima": {
      "version": "4.0.1",
      "resolved": "https://registry.npmjs.org/esprima/-/esprima-4.0.1.tgz",
      "integrity": "sha512-eGuFFw7Upda+g4p+QHvnW0RyTX/SVeJBDM/gCtMARO0cLuT2HcEKnTPvhjV6aGeqrCB/sbNop0Kszm0jsaWU4A=="
    },
    "fs-extra-p": {
      "version": "4.6.1",
      "resolved": "https://registry.npmjs.org/fs-extra-p/-/fs-extra-p-4.6.1.tgz",
      "integrity": "sha512-IsTMbUS0svZKZTvqF4vDS9c/L7Mw9n8nZQWWeSzAGacOSe+8CzowhUN0tdZEZFIJNP5HC7L9j3MMikz/G4hDeQ==",
      "requires": {
        "bluebird-lst": "1.0.5",
        "fs-extra": "6.0.1"
      },
      "dependencies": {
        "fs-extra": {
          "version": "6.0.1",
          "resolved": "https://registry.npmjs.org/fs-extra/-/fs-extra-6.0.1.tgz",
          "integrity": "sha512-GnyIkKhhzXZUWFCaJzvyDLEEgDkPfb4/TPvJCJVuS8MWZgoSsErf++QpiAlDnKFcqhRlm+tIOcencCjyJE6ZCA==",
          "requires": {
            "graceful-fs": "4.1.11",
            "jsonfile": "4.0.0",
            "universalify": "0.1.2"
          }
        }
      }
    },
    "graceful-fs": {
      "version": "4.1.11",
      "resolved": "https://registry.npmjs.org/graceful-fs/-/graceful-fs-4.1.11.tgz",
      "integrity": "sha1-Dovf5NHduIVNZOBOp8AOKgJuVlg="
    },
    "hazardous": {
      "version": "0.3.0",
      "resolved": "https://registry.npmjs.org/hazardous/-/hazardous-0.3.0.tgz",
      "integrity": "sha512-VLSlBMoLTnfScKBJTycufZ2OHLO06eS3Q0mxNdHJ+egd1QLqeLitxDeGeUuoIgOqSPer+uqZCxiv43a1EVmwdg==",
      "requires": {
        "callsite": "1.0.0"
      }
    },
    "imurmurhash": {
      "version": "0.1.4",
      "resolved": "https://registry.npmjs.org/imurmurhash/-/imurmurhash-0.1.4.tgz",
      "integrity": "sha1-khi5srkoojixPcT7a21XbyMUU+o="
    },
    "is-obj": {
      "version": "1.0.1",
      "resolved": "https://registry.npmjs.org/is-obj/-/is-obj-1.0.1.tgz",
      "integrity": "sha1-PkcprB9f3gJc19g6iW2rn09n2w8="
    },
    "itunes-bridge": {
      "version": "github:AngryKiller/itunes-bridge#6450371029c1c7596936e264593254bf05582f45",
      "requires": {
        "@johnpaulvaughan/itunes-music-library-path": "2.0.2",
        "electron-util": "0.8.2",
        "plist": "2.1.0"
      }
    },
    "js-yaml": {
      "version": "3.12.0",
      "resolved": "https://registry.npmjs.org/js-yaml/-/js-yaml-3.12.0.tgz",
      "integrity": "sha512-PIt2cnwmPfL4hKNwqeiuz4bKfnzHTBv6HyVgjahA6mPLwPDzjDWrplJBMjHUFxku/N3FlmrbyPclad+I+4mJ3A==",
      "requires": {
        "argparse": "1.0.10",
        "esprima": "4.0.1"
      }
    },
    "jsonfile": {
      "version": "4.0.0",
      "resolved": "https://registry.npmjs.org/jsonfile/-/jsonfile-4.0.0.tgz",
      "integrity": "sha1-h3Gq4HmbZAdrdmQPygWPnBDjPss=",
      "requires": {
        "graceful-fs": "4.1.11"
      }
    },
    "lazy-val": {
      "version": "1.0.3",
      "resolved": "https://registry.npmjs.org/lazy-val/-/lazy-val-1.0.3.tgz",
      "integrity": "sha512-pjCf3BYk+uv3ZcPzEVM0BFvO9Uw58TmlrU0oG5tTrr9Kcid3+kdKxapH8CjdYmVa2nO5wOoZn2rdvZx2PKj/xg=="
    },
    "locate-path": {
      "version": "2.0.0",
      "resolved": "https://registry.npmjs.org/locate-path/-/locate-path-2.0.0.tgz",
      "integrity": "sha1-K1aLJl7slExtnA3pw9u7ygNUzY4=",
      "requires": {
        "p-locate": "2.0.0",
        "path-exists": "3.0.0"
      },
      "dependencies": {
        "path-exists": {
          "version": "3.0.0",
          "resolved": "https://registry.npmjs.org/path-exists/-/path-exists-3.0.0.tgz",
          "integrity": "sha1-zg6+ql94yxiSXqfYENe1mwEP1RU="
        }
      }
    },
    "lodash.isequal": {
      "version": "4.5.0",
      "resolved": "https://registry.npmjs.org/lodash.isequal/-/lodash.isequal-4.5.0.tgz",
      "integrity": "sha1-QVxEePK8wwEgwizhDtMib30+GOA="
    },
    "make-dir": {
      "version": "1.2.0",
      "resolved": "https://registry.npmjs.org/make-dir/-/make-dir-1.2.0.tgz",
      "integrity": "sha512-aNUAa4UMg/UougV25bbrU4ZaaKNjJ/3/xnvg/twpmKROPdKZPZ9wGgI0opdZzO8q/zUFawoUuixuOv33eZ61Iw==",
      "requires": {
        "pify": "3.0.0"
      },
      "dependencies": {
        "pify": {
          "version": "3.0.0",
          "resolved": "https://registry.npmjs.org/pify/-/pify-3.0.0.tgz",
          "integrity": "sha1-5aSs0sEB/fPZpNB/DbxNtJ3SgXY="
        }
      }
    },
    "ms": {
      "version": "2.0.0",
      "resolved": "https://registry.npmjs.org/ms/-/ms-2.0.0.tgz",
      "integrity": "sha1-VgiurfwAvmwpAd9fmGF4jeDVl8g="
    },
    "node-fetch": {
      "version": "2.2.0",
      "resolved": "https://registry.npmjs.org/node-fetch/-/node-fetch-2.2.0.tgz",
      "integrity": "sha512-OayFWziIxiHY8bCUyLX6sTpDH8Jsbp4FfYd1j1f7vZyfgkcOnAyM4oQR16f8a0s7Gl/viMGRey8eScYk4V4EZA=="
    },
    "open": {
      "version": "0.0.5",
      "resolved": "https://registry.npmjs.org/open/-/open-0.0.5.tgz",
      "integrity": "sha1-QsPhjslUZra/DcQvOilFw/DK2Pw="
    },
    "p-limit": {
      "version": "1.3.0",
      "resolved": "https://registry.npmjs.org/p-limit/-/p-limit-1.3.0.tgz",
      "integrity": "sha512-vvcXsLAJ9Dr5rQOPk7toZQZJApBl2K4J6dANSsEuh6QI41JYcsS/qhTGa9ErIUUgK3WNQoJYvylxvjqmiqEA9Q==",
      "requires": {
        "p-try": "1.0.0"
      }
    },
    "p-locate": {
      "version": "2.0.0",
      "resolved": "https://registry.npmjs.org/p-locate/-/p-locate-2.0.0.tgz",
      "integrity": "sha1-IKAQOyIqcMj9OcwuWAaA893l7EM=",
      "requires": {
        "p-limit": "1.3.0"
      }
    },
    "p-try": {
      "version": "1.0.0",
      "resolved": "https://registry.npmjs.org/p-try/-/p-try-1.0.0.tgz",
      "integrity": "sha1-y8ec26+P1CKOE/Yh8rGiN8GyB7M="
    },
    "path": {
      "version": "0.12.7",
      "resolved": "https://registry.npmjs.org/path/-/path-0.12.7.tgz",
      "integrity": "sha1-1NwqUGxM4hl+tIHr/NWzbAFAsQ8=",
      "requires": {
        "process": "0.11.10",
        "util": "0.10.3"
      }
    },
    "pkg-up": {
      "version": "2.0.0",
      "resolved": "https://registry.npmjs.org/pkg-up/-/pkg-up-2.0.0.tgz",
      "integrity": "sha1-yBmscoBZpGHKscOImivjxJoATX8=",
      "requires": {
        "find-up": "2.1.0"
      },
      "dependencies": {
        "find-up": {
          "version": "2.1.0",
          "resolved": "https://registry.npmjs.org/find-up/-/find-up-2.1.0.tgz",
          "integrity": "sha1-RdG35QbHF93UgndaK3eSCjwMV6c=",
          "requires": {
            "locate-path": "2.0.0"
          }
        }
      }
    },
    "plist": {
      "version": "2.1.0",
      "resolved": "https://registry.npmjs.org/plist/-/plist-2.1.0.tgz",
      "integrity": "sha1-V8zbeggh3yGDEhejytVOPhRqECU=",
      "requires": {
        "base64-js": "1.2.0",
        "xmlbuilder": "8.2.2",
        "xmldom": "0.1.27"
      }
    },
    "process": {
      "version": "0.11.10",
      "resolved": "https://registry.npmjs.org/process/-/process-0.11.10.tgz",
      "integrity": "sha1-czIwDoQBYb2j5podHZGn1LwW8YI="
    },
    "querystring": {
      "version": "0.2.0",
      "resolved": "https://registry.npmjs.org/querystring/-/querystring-0.2.0.tgz",
      "integrity": "sha1-sgmEkgO7Jd+CDadW50cAWHhSFiA="
    },
    "sax": {
      "version": "1.2.4",
      "resolved": "https://registry.npmjs.org/sax/-/sax-1.2.4.tgz",
      "integrity": "sha512-NqVDv9TpANUjFm0N8uM5GxL36UgKi9/atZw+x7YFnQ8ckwFGKrl4xX4yWtrey3UJm5nP1kUbnYgLopqWNSRhWw=="
    },
    "semver": {
      "version": "5.5.0",
      "resolved": "https://registry.npmjs.org/semver/-/semver-5.5.0.tgz",
      "integrity": "sha512-4SJ3dm0WAwWy/NVeioZh5AntkdJoWKxHxcmyP622fOkgHa4z3R0TdBJICINyaSDE6uNwVc8gZr+ZinwZAH4xIA=="
    },
    "signal-exit": {
      "version": "3.0.2",
      "resolved": "https://registry.npmjs.org/signal-exit/-/signal-exit-3.0.2.tgz",
      "integrity": "sha1-tf3AjxKH6hF4Yo5BXiUTK3NkbG0="
    },
    "source-map": {
      "version": "0.6.1",
      "resolved": "https://registry.npmjs.org/source-map/-/source-map-0.6.1.tgz",
      "integrity": "sha512-UjgapumWlbMhkBgzT7Ykc5YXUT46F0iKu8SGXq0bcwP5dz/h0Plj6enJqjz1Zbq2l5WaqYnrVbwWOWMyF3F47g=="
    },
    "source-map-support": {
      "version": "0.5.6",
      "resolved": "https://registry.npmjs.org/source-map-support/-/source-map-support-0.5.6.tgz",
      "integrity": "sha512-N4KXEz7jcKqPf2b2vZF11lQIz9W5ZMuUcIOGj243lduidkf2fjkVKJS9vNxVWn3u/uxX38AcE8U9nnH9FPcq+g==",
      "requires": {
        "buffer-from": "1.1.1",
        "source-map": "0.6.1"
      }
    },
    "sprintf-js": {
      "version": "1.0.3",
      "resolved": "https://registry.npmjs.org/sprintf-js/-/sprintf-js-1.0.3.tgz",
      "integrity": "sha1-BOaSb2YolTVPPdAVIDYzuFcpfiw="
    },
    "universalify": {
      "version": "0.1.2",
      "resolved": "https://registry.npmjs.org/universalify/-/universalify-0.1.2.tgz",
      "integrity": "sha512-rBJeI5CXAlmy1pV+617WB9J63U6XcazHHF2f2dbJix4XzpUF0RS3Zbj0FGIOCAva5P/d/GBOYaACQ1w+0azUkg=="
    },
    "url": {
      "version": "0.11.0",
      "resolved": "https://registry.npmjs.org/url/-/url-0.11.0.tgz",
      "integrity": "sha1-ODjpfPxgUh63PFJajlW/3Z4uKPE=",
      "requires": {
        "punycode": "1.3.2",
        "querystring": "0.2.0"
      },
      "dependencies": {
        "punycode": {
          "version": "1.3.2",
          "resolved": "https://registry.npmjs.org/punycode/-/punycode-1.3.2.tgz",
          "integrity": "sha1-llOgNvt8HuQjQvIyXM7v6jkmxI0="
        }
      }
    },
    "util": {
      "version": "0.10.3",
      "resolved": "https://registry.npmjs.org/util/-/util-0.10.3.tgz",
      "integrity": "sha1-evsa/lCAUkZInj23/g7TeTNqwPk=",
      "requires": {
        "inherits": "2.0.1"
      },
      "dependencies": {
        "inherits": {
          "version": "2.0.1",
          "resolved": "https://registry.npmjs.org/inherits/-/inherits-2.0.1.tgz",
          "integrity": "sha1-sX0I0ya0Qj5Wjv9xn5GwscvfafE="
        }
      }
    },
    "write-file-atomic": {
      "version": "2.3.0",
      "resolved": "https://registry.npmjs.org/write-file-atomic/-/write-file-atomic-2.3.0.tgz",
      "integrity": "sha512-xuPeK4OdjWqtfi59ylvVL0Yn35SF3zgcAcv7rBPFHVaEapaDr4GdGgm3j7ckTwH9wHL7fGmgfAnb0+THrHb8tA==",
      "requires": {
        "graceful-fs": "4.1.11",
        "imurmurhash": "0.1.4",
        "signal-exit": "3.0.2"
      }
    },
    "ws": {
      "version": "5.2.2",
      "resolved": "https://registry.npmjs.org/ws/-/ws-5.2.2.tgz",
      "integrity": "sha512-jaHFD6PFv6UgoIVda6qZllptQsMlDEJkTQcybzzXDYM1XO9Y8em691FGMPmM46WGyLU4z9KMgQN+qrux/nhlHA==",
      "requires": {
        "async-limiter": "1.0.0"
      }
    },
    "xmlbuilder": {
      "version": "8.2.2",
      "resolved": "https://registry.npmjs.org/xmlbuilder/-/xmlbuilder-8.2.2.tgz",
      "integrity": "sha1-aSSGc0ELS6QuGmE2VR0pIjNap3M="
    },
    "xmldom": {
      "version": "0.1.27",
      "resolved": "https://registry.npmjs.org/xmldom/-/xmldom-0.1.27.tgz",
      "integrity": "sha1-1QH5ezvbQDr4757MIFcxh6rawOk="
    }
  }
}
